
Microsoft Visual Studio Solution File, Format Version 12.00
# Visual Studio Version 17
VisualStudioVersion = 17.4.33103.184
MinimumVisualStudioVersion = 10.0.40219.1
Project("{FAE04EC0-301F-11D3-BF4B-00C04F79EFBC}") = "Shapes", "Shapes\Shapes.csproj", "{60D88003-BFCD-4290-ADD5-F196D162AA90}"
EndProject
Project("{FAE04EC0-301F-11D3-BF4B-00C04F79EFBC}") = "Cars", "Cars\Cars.csproj", "{0DE1E09C-B41B-4DA8-B5D7-AFD318FF2A39}"
EndProject
Global
	GlobalSection(SolutionConfigurationPlatforms) = preSolution
		Debug|Any CPU = Debug|Any CPU
		Release|Any CPU = Release|Any CPU
	EndGlobalSection
	GlobalSection(ProjectConfigurationPlatforms) = postSolution
		{60D88003-BFCD-4290-ADD5-F196D162AA90}.Debug|Any CPU.ActiveCfg = Debug|Any CPU
		{60D88003-BFCD-4290-ADD5-F196D162AA90}.Debug|Any CPU.Build.0 = Debug|Any CPU
		{60D88003-BFCD-4290-ADD5-F196D162AA90}.Release|Any CPU.ActiveCfg = Release|Any CPU
		{60D88003-BFCD-4290-ADD5-F196D162AA90}.Release|Any CPU.Build.0 = Release|Any CPU
		{0DE1E09C-B41B-4DA8-B5D7-AFD318FF2A39}.Debug|Any CPU.ActiveCfg = Debug|Any CPU
		{0DE1E09C-B41B-4DA8-B5D7-AFD318FF2A39}.Debug|Any CPU.Build.0 = Debug|Any CPU
		{0DE1E09C-B41B-4DA8-B5D7-AFD318FF2A39}.Release|Any CPU.ActiveCfg = Release|Any CPU
		{0DE1E09C-B41B-4DA8-B5D7-AFD318FF2A39}.Release|Any CPU.Build.0 = Release|Any CPU
	EndGlobalSection
	GlobalSection(SolutionProperties) = preSolution
		HideSolutionNode = FALSE
	EndGlobalSection
	GlobalSection(ExtensibilityGlobals) = postSolution
		SolutionGuid = {5EAD653B-827C-4A20-AC5F-645E8A9A489E}
	EndGlobalSection
EndGlobal
