
Microsoft Visual Studio Solution File, Format Version 12.00
# Visual Studio Version 17
VisualStudioVersion = 17.4.33103.184
MinimumVisualStudioVersion = 10.0.40219.1
Project("{9A19103F-16F7-4668-BE54-9A1E7A4F7556}") = "1. Sum of Coins", "1. Sum of Coins\1. Sum of Coins.csproj", "{EEC406E9-6D89-46E1-9CBD-9AF704F85F05}"
EndProject
Project("{FAE04EC0-301F-11D3-BF4B-00C04F79EFBC}") = "2. Set Cover", "2. Set Cover\2. Set Cover.csproj", "{97E8D717-D326-4E34-AFB5-191E50D971E9}"
EndProject
Global
	GlobalSection(SolutionConfigurationPlatforms) = preSolution
		Debug|Any CPU = Debug|Any CPU
		Release|Any CPU = Release|Any CPU
	EndGlobalSection
	GlobalSection(ProjectConfigurationPlatforms) = postSolution
		{EEC406E9-6D89-46E1-9CBD-9AF704F85F05}.Debug|Any CPU.ActiveCfg = Debug|Any CPU
		{EEC406E9-6D89-46E1-9CBD-9AF704F85F05}.Debug|Any CPU.Build.0 = Debug|Any CPU
		{EEC406E9-6D89-46E1-9CBD-9AF704F85F05}.Release|Any CPU.ActiveCfg = Release|Any CPU
		{EEC406E9-6D89-46E1-9CBD-9AF704F85F05}.Release|Any CPU.Build.0 = Release|Any CPU
		{97E8D717-D326-4E34-AFB5-191E50D971E9}.Debug|Any CPU.ActiveCfg = Debug|Any CPU
		{97E8D717-D326-4E34-AFB5-191E50D971E9}.Debug|Any CPU.Build.0 = Debug|Any CPU
		{97E8D717-D326-4E34-AFB5-191E50D971E9}.Release|Any CPU.ActiveCfg = Release|Any CPU
		{97E8D717-D326-4E34-AFB5-191E50D971E9}.Release|Any CPU.Build.0 = Release|Any CPU
	EndGlobalSection
	GlobalSection(SolutionProperties) = preSolution
		HideSolutionNode = FALSE
	EndGlobalSection
	GlobalSection(ExtensibilityGlobals) = postSolution
		SolutionGuid = {74E3345D-DCEC-4A99-8809-C45AF1F5BA57}
	EndGlobalSection
EndGlobal
