
Microsoft Visual Studio Solution File, Format Version 12.00
# Visual Studio Version 17
VisualStudioVersion = 17.3.32929.385
MinimumVisualStudioVersion = 10.0.40219.1
Project("{FAE04EC0-301F-11D3-BF4B-00C04F79EFBC}") = "ExpressionWithStack", "ExpressionWithStack\ExpressionWithStack.csproj", "{8A488B46-58F9-44EA-AADF-088D432B2D45}"
EndProject
Global
	GlobalSection(SolutionConfigurationPlatforms) = preSolution
		Debug|Any CPU = Debug|Any CPU
		Release|Any CPU = Release|Any CPU
	EndGlobalSection
	GlobalSection(ProjectConfigurationPlatforms) = postSolution
		{8A488B46-58F9-44EA-AADF-088D432B2D45}.Debug|Any CPU.ActiveCfg = Debug|Any CPU
		{8A488B46-58F9-44EA-AADF-088D432B2D45}.Debug|Any CPU.Build.0 = Debug|Any CPU
		{8A488B46-58F9-44EA-AADF-088D432B2D45}.Release|Any CPU.ActiveCfg = Release|Any CPU
		{8A488B46-58F9-44EA-AADF-088D432B2D45}.Release|Any CPU.Build.0 = Release|Any CPU
	EndGlobalSection
	GlobalSection(SolutionProperties) = preSolution
		HideSolutionNode = FALSE
	EndGlobalSection
	GlobalSection(ExtensibilityGlobals) = postSolution
		SolutionGuid = {48156E4D-3DD6-41B5-85C0-53690EFE7B3D}
	EndGlobalSection
EndGlobal
