
Microsoft Visual Studio Solution File, Format Version 12.00
# Visual Studio Version 17
VisualStudioVersion = 17.3.32929.385
MinimumVisualStudioVersion = 10.0.40219.1
Project("{9A19103F-16F7-4668-BE54-9A1E7A4F7556}") = "1. Price for transportation", "1. Price for transportation\1. Price for transportation.csproj", "{3737FE4F-A860-4246-99CF-61A7635BF203}"
EndProject
Project("{FAE04EC0-301F-11D3-BF4B-00C04F79EFBC}") = "2. OnTimeForExam", "2. OnTimeForExam\2. OnTimeForExam.csproj", "{482F906B-083D-45DF-AF53-62DF2ECC60F5}"
EndProject
Global
	GlobalSection(SolutionConfigurationPlatforms) = preSolution
		Debug|Any CPU = Debug|Any CPU
		Release|Any CPU = Release|Any CPU
	EndGlobalSection
	GlobalSection(ProjectConfigurationPlatforms) = postSolution
		{3737FE4F-A860-4246-99CF-61A7635BF203}.Debug|Any CPU.ActiveCfg = Debug|Any CPU
		{3737FE4F-A860-4246-99CF-61A7635BF203}.Debug|Any CPU.Build.0 = Debug|Any CPU
		{3737FE4F-A860-4246-99CF-61A7635BF203}.Release|Any CPU.ActiveCfg = Release|Any CPU
		{3737FE4F-A860-4246-99CF-61A7635BF203}.Release|Any CPU.Build.0 = Release|Any CPU
		{482F906B-083D-45DF-AF53-62DF2ECC60F5}.Debug|Any CPU.ActiveCfg = Debug|Any CPU
		{482F906B-083D-45DF-AF53-62DF2ECC60F5}.Debug|Any CPU.Build.0 = Debug|Any CPU
		{482F906B-083D-45DF-AF53-62DF2ECC60F5}.Release|Any CPU.ActiveCfg = Release|Any CPU
		{482F906B-083D-45DF-AF53-62DF2ECC60F5}.Release|Any CPU.Build.0 = Release|Any CPU
	EndGlobalSection
	GlobalSection(SolutionProperties) = preSolution
		HideSolutionNode = FALSE
	EndGlobalSection
	GlobalSection(ExtensibilityGlobals) = postSolution
		SolutionGuid = {F3093A43-C818-4F8C-B8B8-B420056749EF}
	EndGlobalSection
EndGlobal
