
Microsoft Visual Studio Solution File, Format Version 12.00
# Visual Studio Version 17
VisualStudioVersion = 17.3.32929.385
MinimumVisualStudioVersion = 10.0.40219.1
Project("{FAE04EC0-301F-11D3-BF4B-00C04F79EFBC}") = "PetStore.Models", "PetStore.Models\PetStore.Models.csproj", "{F6167BF2-D054-4109-954B-DD9001BC78FC}"
EndProject
Project("{FAE04EC0-301F-11D3-BF4B-00C04F79EFBC}") = "PetStore.Common", "PetStore.Common\PetStore.Common.csproj", "{F09ED0F1-0878-47EE-943A-270FE4D1609A}"
EndProject
Project("{FAE04EC0-301F-11D3-BF4B-00C04F79EFBC}") = "PetStore.Data", "PetStore.Data\PetStore.Data.csproj", "{6967CA86-514B-44C4-83EC-C55A6FCDF47D}"
EndProject
Project("{FAE04EC0-301F-11D3-BF4B-00C04F79EFBC}") = "PetStore.Services", "PetStore.Services\PetStore.Services.csproj", "{8B2085C9-2152-4DD5-8C5B-EB2BFBBD5888}"
EndProject
Project("{FAE04EC0-301F-11D3-BF4B-00C04F79EFBC}") = "PetStore.Web", "PetStore.Web\PetStore.Web.csproj", "{0FCA4CE1-2333-4E3C-8E10-8864DE2E0255}"
EndProject
Global
	GlobalSection(SolutionConfigurationPlatforms) = preSolution
		Debug|Any CPU = Debug|Any CPU
		Release|Any CPU = Release|Any CPU
	EndGlobalSection
	GlobalSection(ProjectConfigurationPlatforms) = postSolution
		{F6167BF2-D054-4109-954B-DD9001BC78FC}.Debug|Any CPU.ActiveCfg = Debug|Any CPU
		{F6167BF2-D054-4109-954B-DD9001BC78FC}.Debug|Any CPU.Build.0 = Debug|Any CPU
		{F6167BF2-D054-4109-954B-DD9001BC78FC}.Release|Any CPU.ActiveCfg = Release|Any CPU
		{F6167BF2-D054-4109-954B-DD9001BC78FC}.Release|Any CPU.Build.0 = Release|Any CPU
		{F09ED0F1-0878-47EE-943A-270FE4D1609A}.Debug|Any CPU.ActiveCfg = Debug|Any CPU
		{F09ED0F1-0878-47EE-943A-270FE4D1609A}.Debug|Any CPU.Build.0 = Debug|Any CPU
		{F09ED0F1-0878-47EE-943A-270FE4D1609A}.Release|Any CPU.ActiveCfg = Release|Any CPU
		{F09ED0F1-0878-47EE-943A-270FE4D1609A}.Release|Any CPU.Build.0 = Release|Any CPU
		{6967CA86-514B-44C4-83EC-C55A6FCDF47D}.Debug|Any CPU.ActiveCfg = Debug|Any CPU
		{6967CA86-514B-44C4-83EC-C55A6FCDF47D}.Debug|Any CPU.Build.0 = Debug|Any CPU
		{6967CA86-514B-44C4-83EC-C55A6FCDF47D}.Release|Any CPU.ActiveCfg = Release|Any CPU
		{6967CA86-514B-44C4-83EC-C55A6FCDF47D}.Release|Any CPU.Build.0 = Release|Any CPU
		{8B2085C9-2152-4DD5-8C5B-EB2BFBBD5888}.Debug|Any CPU.ActiveCfg = Debug|Any CPU
		{8B2085C9-2152-4DD5-8C5B-EB2BFBBD5888}.Debug|Any CPU.Build.0 = Debug|Any CPU
		{8B2085C9-2152-4DD5-8C5B-EB2BFBBD5888}.Release|Any CPU.ActiveCfg = Release|Any CPU
		{8B2085C9-2152-4DD5-8C5B-EB2BFBBD5888}.Release|Any CPU.Build.0 = Release|Any CPU
		{0FCA4CE1-2333-4E3C-8E10-8864DE2E0255}.Debug|Any CPU.ActiveCfg = Debug|Any CPU
		{0FCA4CE1-2333-4E3C-8E10-8864DE2E0255}.Debug|Any CPU.Build.0 = Debug|Any CPU
		{0FCA4CE1-2333-4E3C-8E10-8864DE2E0255}.Release|Any CPU.ActiveCfg = Release|Any CPU
		{0FCA4CE1-2333-4E3C-8E10-8864DE2E0255}.Release|Any CPU.Build.0 = Release|Any CPU
	EndGlobalSection
	GlobalSection(SolutionProperties) = preSolution
		HideSolutionNode = FALSE
	EndGlobalSection
	GlobalSection(ExtensibilityGlobals) = postSolution
		SolutionGuid = {8602F6B6-8C2E-4037-9ECC-CAA7C75C8C23}
	EndGlobalSection
EndGlobal
