
Microsoft Visual Studio Solution File, Format Version 12.00
# Visual Studio Version 17
VisualStudioVersion = 17.3.32929.385
MinimumVisualStudioVersion = 10.0.40219.1
Project("{FAE04EC0-301F-11D3-BF4B-00C04F79EFBC}") = "1. Ranking", "1. Ranking\1. Ranking.csproj", "{57799C34-7A77-44FC-8385-99B408B49707}"
EndProject
Project("{FAE04EC0-301F-11D3-BF4B-00C04F79EFBC}") = "2. Judge", "2. Judge\2. Judge.csproj", "{2473CDDD-4C00-4C15-AA23-36F9E885C039}"
EndProject
Project("{FAE04EC0-301F-11D3-BF4B-00C04F79EFBC}") = "3. MOBA Challenger", "3. MOBA Challenger\3. MOBA Challenger.csproj", "{9FF6FDA5-14FB-4101-A19D-7D04B93F7C8B}"
EndProject
Project("{FAE04EC0-301F-11D3-BF4B-00C04F79EFBC}") = "4. Snowwhite", "4. Snowwhite\4. Snowwhite.csproj", "{2360497D-AFBF-4F0E-834E-96156A9C3B07}"
EndProject
Project("{FAE04EC0-301F-11D3-BF4B-00C04F79EFBC}") = "5. Dragon Army", "5. Dragon Army\5. Dragon Army.csproj", "{E509021F-AFD9-46BF-829A-A1566D6A74E5}"
EndProject
Global
	GlobalSection(SolutionConfigurationPlatforms) = preSolution
		Debug|Any CPU = Debug|Any CPU
		Release|Any CPU = Release|Any CPU
	EndGlobalSection
	GlobalSection(ProjectConfigurationPlatforms) = postSolution
		{57799C34-7A77-44FC-8385-99B408B49707}.Debug|Any CPU.ActiveCfg = Debug|Any CPU
		{57799C34-7A77-44FC-8385-99B408B49707}.Debug|Any CPU.Build.0 = Debug|Any CPU
		{57799C34-7A77-44FC-8385-99B408B49707}.Release|Any CPU.ActiveCfg = Release|Any CPU
		{57799C34-7A77-44FC-8385-99B408B49707}.Release|Any CPU.Build.0 = Release|Any CPU
		{2473CDDD-4C00-4C15-AA23-36F9E885C039}.Debug|Any CPU.ActiveCfg = Debug|Any CPU
		{2473CDDD-4C00-4C15-AA23-36F9E885C039}.Debug|Any CPU.Build.0 = Debug|Any CPU
		{2473CDDD-4C00-4C15-AA23-36F9E885C039}.Release|Any CPU.ActiveCfg = Release|Any CPU
		{2473CDDD-4C00-4C15-AA23-36F9E885C039}.Release|Any CPU.Build.0 = Release|Any CPU
		{9FF6FDA5-14FB-4101-A19D-7D04B93F7C8B}.Debug|Any CPU.ActiveCfg = Debug|Any CPU
		{9FF6FDA5-14FB-4101-A19D-7D04B93F7C8B}.Debug|Any CPU.Build.0 = Debug|Any CPU
		{9FF6FDA5-14FB-4101-A19D-7D04B93F7C8B}.Release|Any CPU.ActiveCfg = Release|Any CPU
		{9FF6FDA5-14FB-4101-A19D-7D04B93F7C8B}.Release|Any CPU.Build.0 = Release|Any CPU
		{2360497D-AFBF-4F0E-834E-96156A9C3B07}.Debug|Any CPU.ActiveCfg = Debug|Any CPU
		{2360497D-AFBF-4F0E-834E-96156A9C3B07}.Debug|Any CPU.Build.0 = Debug|Any CPU
		{2360497D-AFBF-4F0E-834E-96156A9C3B07}.Release|Any CPU.ActiveCfg = Release|Any CPU
		{2360497D-AFBF-4F0E-834E-96156A9C3B07}.Release|Any CPU.Build.0 = Release|Any CPU
		{E509021F-AFD9-46BF-829A-A1566D6A74E5}.Debug|Any CPU.ActiveCfg = Debug|Any CPU
		{E509021F-AFD9-46BF-829A-A1566D6A74E5}.Debug|Any CPU.Build.0 = Debug|Any CPU
		{E509021F-AFD9-46BF-829A-A1566D6A74E5}.Release|Any CPU.ActiveCfg = Release|Any CPU
		{E509021F-AFD9-46BF-829A-A1566D6A74E5}.Release|Any CPU.Build.0 = Release|Any CPU
	EndGlobalSection
	GlobalSection(SolutionProperties) = preSolution
		HideSolutionNode = FALSE
	EndGlobalSection
	GlobalSection(ExtensibilityGlobals) = postSolution
		SolutionGuid = {9B4BB935-14BF-488D-881D-EB91156FE9C4}
	EndGlobalSection
EndGlobal
