
Microsoft Visual Studio Solution File, Format Version 12.00
# Visual Studio Version 17
VisualStudioVersion = 17.3.32929.385
MinimumVisualStudioVersion = 10.0.40219.1
Project("{FAE04EC0-301F-11D3-BF4B-00C04F79EFBC}") = "1. Data Types", "1. Data Types\1. Data Types.csproj", "{2B89E1B1-5790-4FFB-AE95-EF70780BF27C}"
EndProject
Project("{FAE04EC0-301F-11D3-BF4B-00C04F79EFBC}") = "2. Center Point", "2. Center Point\2. Center Point.csproj", "{71FA668B-EE80-4090-BC23-6D3A290BAAF5}"
EndProject
Project("{FAE04EC0-301F-11D3-BF4B-00C04F79EFBC}") = "3. Longer Line", "3. Longer Line\3. Longer Line.csproj", "{179E4231-601A-4AC6-A37C-D0C5A8877064}"
EndProject
Project("{FAE04EC0-301F-11D3-BF4B-00C04F79EFBC}") = "4. Tribonacci Sequence", "4. Tribonacci Sequence\4. Tribonacci Sequence.csproj", "{CF764B2F-6BFA-4B6E-81A5-01BCF485B24E}"
EndProject
Project("{FAE04EC0-301F-11D3-BF4B-00C04F79EFBC}") = "5. Multiplication Sign", "5. Multiplication Sign\5. Multiplication Sign.csproj", "{227DBABD-6399-4F5B-B51D-EECDD2509744}"
EndProject
Global
	GlobalSection(SolutionConfigurationPlatforms) = preSolution
		Debug|Any CPU = Debug|Any CPU
		Release|Any CPU = Release|Any CPU
	EndGlobalSection
	GlobalSection(ProjectConfigurationPlatforms) = postSolution
		{2B89E1B1-5790-4FFB-AE95-EF70780BF27C}.Debug|Any CPU.ActiveCfg = Debug|Any CPU
		{2B89E1B1-5790-4FFB-AE95-EF70780BF27C}.Debug|Any CPU.Build.0 = Debug|Any CPU
		{2B89E1B1-5790-4FFB-AE95-EF70780BF27C}.Release|Any CPU.ActiveCfg = Release|Any CPU
		{2B89E1B1-5790-4FFB-AE95-EF70780BF27C}.Release|Any CPU.Build.0 = Release|Any CPU
		{71FA668B-EE80-4090-BC23-6D3A290BAAF5}.Debug|Any CPU.ActiveCfg = Debug|Any CPU
		{71FA668B-EE80-4090-BC23-6D3A290BAAF5}.Debug|Any CPU.Build.0 = Debug|Any CPU
		{71FA668B-EE80-4090-BC23-6D3A290BAAF5}.Release|Any CPU.ActiveCfg = Release|Any CPU
		{71FA668B-EE80-4090-BC23-6D3A290BAAF5}.Release|Any CPU.Build.0 = Release|Any CPU
		{179E4231-601A-4AC6-A37C-D0C5A8877064}.Debug|Any CPU.ActiveCfg = Debug|Any CPU
		{179E4231-601A-4AC6-A37C-D0C5A8877064}.Debug|Any CPU.Build.0 = Debug|Any CPU
		{179E4231-601A-4AC6-A37C-D0C5A8877064}.Release|Any CPU.ActiveCfg = Release|Any CPU
		{179E4231-601A-4AC6-A37C-D0C5A8877064}.Release|Any CPU.Build.0 = Release|Any CPU
		{CF764B2F-6BFA-4B6E-81A5-01BCF485B24E}.Debug|Any CPU.ActiveCfg = Debug|Any CPU
		{CF764B2F-6BFA-4B6E-81A5-01BCF485B24E}.Debug|Any CPU.Build.0 = Debug|Any CPU
		{CF764B2F-6BFA-4B6E-81A5-01BCF485B24E}.Release|Any CPU.ActiveCfg = Release|Any CPU
		{CF764B2F-6BFA-4B6E-81A5-01BCF485B24E}.Release|Any CPU.Build.0 = Release|Any CPU
		{227DBABD-6399-4F5B-B51D-EECDD2509744}.Debug|Any CPU.ActiveCfg = Debug|Any CPU
		{227DBABD-6399-4F5B-B51D-EECDD2509744}.Debug|Any CPU.Build.0 = Debug|Any CPU
		{227DBABD-6399-4F5B-B51D-EECDD2509744}.Release|Any CPU.ActiveCfg = Release|Any CPU
		{227DBABD-6399-4F5B-B51D-EECDD2509744}.Release|Any CPU.Build.0 = Release|Any CPU
	EndGlobalSection
	GlobalSection(SolutionProperties) = preSolution
		HideSolutionNode = FALSE
	EndGlobalSection
	GlobalSection(ExtensibilityGlobals) = postSolution
		SolutionGuid = {E789FD57-D6CC-443A-A0C8-C0105E597827}
	EndGlobalSection
EndGlobal
